
Microsoft Visual Studio Solution File, Format Version 12.00
# Visual Studio Version 16
VisualStudioVersion = 16.0.30104.148
MinimumVisualStudioVersion = 10.0.40219.1
Project("{9A19103F-16F7-4668-BE54-9A1E7A4F7556}") = "ngHivePollingApp", "ngHivePollingApp.csproj", "{B38B510C-5D92-4653-8BDA-D642DE4913C7}"
EndProject
Global
	GlobalSection(SolutionConfigurationPlatforms) = preSolution
		Debug|Any CPU = Debug|Any CPU
		Release|Any CPU = Release|Any CPU
	EndGlobalSection
	GlobalSection(ProjectConfigurationPlatforms) = postSolution
		{B38B510C-5D92-4653-8BDA-D642DE4913C7}.Debug|Any CPU.ActiveCfg = Debug|Any CPU
		{B38B510C-5D92-4653-8BDA-D642DE4913C7}.Debug|Any CPU.Build.0 = Debug|Any CPU
		{B38B510C-5D92-4653-8BDA-D642DE4913C7}.Release|Any CPU.ActiveCfg = Release|Any CPU
		{B38B510C-5D92-4653-8BDA-D642DE4913C7}.Release|Any CPU.Build.0 = Release|Any CPU
	EndGlobalSection
	GlobalSection(SolutionProperties) = preSolution
		HideSolutionNode = FALSE
	EndGlobalSection
	GlobalSection(ExtensibilityGlobals) = postSolution
		SolutionGuid = {131663A0-1B04-4C70-8B10-E90CF69BA049}
	EndGlobalSection
EndGlobal
